// !$*UTF8*$!
{
	archiveVersion = 1;
	classes = {
	};
	objectVersion = 55;
	objects = {

/* Begin PBXBuildFile section */
		F07B9D25283694750074A82C /* AppDelegate.swift in Sources */ = {isa = PBXBuildFile; fileRef = F07B9D24283694750074A82C /* AppDelegate.swift */; };
		F07B9D27283694750074A82C /* SceneDelegate.swift in Sources */ = {isa = PBXBuildFile; fileRef = F07B9D26283694750074A82C /* SceneDelegate.swift */; };
		F07B9D2C283694750074A82C /* Main.storyboard in Resources */ = {isa = PBXBuildFile; fileRef = F07B9D2A283694750074A82C /* Main.storyboard */; };
		F07B9D2E283694770074A82C /* Assets.xcassets in Resources */ = {isa = PBXBuildFile; fileRef = F07B9D2D283694770074A82C /* Assets.xcassets */; };
		F07B9D31283694770074A82C /* LaunchScreen.storyboard in Resources */ = {isa = PBXBuildFile; fileRef = F07B9D2F283694770074A82C /* LaunchScreen.storyboard */; };
		F07B9D3A2836A09D0074A82C /* WeatherListTableViewController.swift in Sources */ = {isa = PBXBuildFile; fileRef = F07B9D392836A09D0074A82C /* WeatherListTableViewController.swift */; };
		F07B9D3C2836A0CE0074A82C /* AddWeatherCityViewController.swift in Sources */ = {isa = PBXBuildFile; fileRef = F07B9D3B2836A0CE0074A82C /* AddWeatherCityViewController.swift */; };
		F07B9D3F2836AC120074A82C /* WeatherCell.swift in Sources */ = {isa = PBXBuildFile; fileRef = F07B9D3E2836AC120074A82C /* WeatherCell.swift */; };
		F0B948B02837EFFF00642079 /* Webservice.swift in Sources */ = {isa = PBXBuildFile; fileRef = F0B948AF2837EFFF00642079 /* Webservice.swift */; };
		F0E8A8C6283E5BDD001EDA76 /* WeatherResponse.swift in Sources */ = {isa = PBXBuildFile; fileRef = F0E8A8C5283E5BDD001EDA76 /* WeatherResponse.swift */; };
		F0E8A8C9283E8D2F001EDA76 /* AddWeatherViewModel.swift in Sources */ = {isa = PBXBuildFile; fileRef = F0E8A8C8283E8D2F001EDA76 /* AddWeatherViewModel.swift */; };
		F0E8A8CC283E8D82001EDA76 /* Constants.swift in Sources */ = {isa = PBXBuildFile; fileRef = F0E8A8CB283E8D82001EDA76 /* Constants.swift */; };
		F0E8A8CF283E8F33001EDA76 /* String+Extensions.swift in Sources */ = {isa = PBXBuildFile; fileRef = F0E8A8CE283E8F33001EDA76 /* String+Extensions.swift */; };
		F0E8A8D1283E917F001EDA76 /* WeatherListViewModel.swift in Sources */ = {isa = PBXBuildFile; fileRef = F0E8A8D0283E917F001EDA76 /* WeatherListViewModel.swift */; };
		F0E8A8D32840FDFC001EDA76 /* Double+Extensions.swift in Sources */ = {isa = PBXBuildFile; fileRef = F0E8A8D22840FDFC001EDA76 /* Double+Extensions.swift */; };
		F0E8A8D528410DBF001EDA76 /* SettingTableViewController.swift in Sources */ = {isa = PBXBuildFile; fileRef = F0E8A8D428410DBF001EDA76 /* SettingTableViewController.swift */; };
		F0E8A8D728452A67001EDA76 /* SettingsViewModel.swift in Sources */ = {isa = PBXBuildFile; fileRef = F0E8A8D628452A67001EDA76 /* SettingsViewModel.swift */; };
/* End PBXBuildFile section */

/* Begin PBXFileReference section */
		F07B9D21283694750074A82C /* GoodWeather.app */ = {isa = PBXFileReference; explicitFileType = wrapper.application; includeInIndex = 0; path = GoodWeather.app; sourceTree = BUILT_PRODUCTS_DIR; };
		F07B9D24283694750074A82C /* AppDelegate.swift */ = {isa = PBXFileReference; lastKnownFileType = sourcecode.swift; path = AppDelegate.swift; sourceTree = "<group>"; };
		F07B9D26283694750074A82C /* SceneDelegate.swift */ = {isa = PBXFileReference; lastKnownFileType = sourcecode.swift; path = SceneDelegate.swift; sourceTree = "<group>"; };
		F07B9D2B283694750074A82C /* Base */ = {isa = PBXFileReference; lastKnownFileType = file.storyboard; name = Base; path = Base.lproj/Main.storyboard; sourceTree = "<group>"; };
		F07B9D2D283694770074A82C /* Assets.xcassets */ = {isa = PBXFileReference; lastKnownFileType = folder.assetcatalog; path = Assets.xcassets; sourceTree = "<group>"; };
		F07B9D30283694770074A82C /* Base */ = {isa = PBXFileReference; lastKnownFileType = file.storyboard; name = Base; path = Base.lproj/LaunchScreen.storyboard; sourceTree = "<group>"; };
		F07B9D32283694770074A82C /* Info.plist */ = {isa = PBXFileReference; lastKnownFileType = text.plist.xml; path = Info.plist; sourceTree = "<group>"; };
		F07B9D392836A09D0074A82C /* WeatherListTableViewController.swift */ = {isa = PBXFileReference; lastKnownFileType = sourcecode.swift; path = WeatherListTableViewController.swift; sourceTree = "<group>"; };
		F07B9D3B2836A0CE0074A82C /* AddWeatherCityViewController.swift */ = {isa = PBXFileReference; lastKnownFileType = sourcecode.swift; path = AddWeatherCityViewController.swift; sourceTree = "<group>"; };
		F07B9D3E2836AC120074A82C /* WeatherCell.swift */ = {isa = PBXFileReference; lastKnownFileType = sourcecode.swift; path = WeatherCell.swift; sourceTree = "<group>"; };
		F0B948AF2837EFFF00642079 /* Webservice.swift */ = {isa = PBXFileReference; lastKnownFileType = sourcecode.swift; path = Webservice.swift; sourceTree = "<group>"; };
		F0E8A8C5283E5BDD001EDA76 /* WeatherResponse.swift */ = {isa = PBXFileReference; lastKnownFileType = sourcecode.swift; path = WeatherResponse.swift; sourceTree = "<group>"; };
		F0E8A8C8283E8D2F001EDA76 /* AddWeatherViewModel.swift */ = {isa = PBXFileReference; lastKnownFileType = sourcecode.swift; path = AddWeatherViewModel.swift; sourceTree = "<group>"; };
		F0E8A8CB283E8D82001EDA76 /* Constants.swift */ = {isa = PBXFileReference; lastKnownFileType = sourcecode.swift; path = Constants.swift; sourceTree = "<group>"; };
		F0E8A8CE283E8F33001EDA76 /* String+Extensions.swift */ = {isa = PBXFileReference; lastKnownFileType = sourcecode.swift; path = "String+Extensions.swift"; sourceTree = "<group>"; };
		F0E8A8D0283E917F001EDA76 /* WeatherListViewModel.swift */ = {isa = PBXFileReference; lastKnownFileType = sourcecode.swift; path = WeatherListViewModel.swift; sourceTree = "<group>"; };
		F0E8A8D22840FDFC001EDA76 /* Double+Extensions.swift */ = {isa = PBXFileReference; lastKnownFileType = sourcecode.swift; path = "Double+Extensions.swift"; sourceTree = "<group>"; };
		F0E8A8D428410DBF001EDA76 /* SettingTableViewController.swift */ = {isa = PBXFileReference; lastKnownFileType = sourcecode.swift; path = SettingTableViewController.swift; sourceTree = "<group>"; };
		F0E8A8D628452A67001EDA76 /* SettingsViewModel.swift */ = {isa = PBXFileReference; lastKnownFileType = sourcecode.swift; path = SettingsViewModel.swift; sourceTree = "<group>"; };
/* End PBXFileReference section */

/* Begin PBXFrameworksBuildPhase section */
		F07B9D1E283694750074A82C /* Frameworks */ = {
			isa = PBXFrameworksBuildPhase;
			buildActionMask = 2147483647;
			files = (
			);
			runOnlyForDeploymentPostprocessing = 0;
		};
/* End PBXFrameworksBuildPhase section */

/* Begin PBXGroup section */
		F07B9D18283694750074A82C = {
			isa = PBXGroup;
			children = (
				F07B9D23283694750074A82C /* GoodWeather */,
				F07B9D22283694750074A82C /* Products */,
			);
			sourceTree = "<group>";
		};
		F07B9D22283694750074A82C /* Products */ = {
			isa = PBXGroup;
			children = (
				F07B9D21283694750074A82C /* GoodWeather.app */,
			);
			name = Products;
			sourceTree = "<group>";
		};
		F07B9D23283694750074A82C /* GoodWeather */ = {
			isa = PBXGroup;
			children = (
				F0E8A8CD283E8F1A001EDA76 /* Extensions */,
				F0E8A8CA283E8D77001EDA76 /* Utils */,
				F0E8A8C7283E8D1E001EDA76 /* View Models */,
				F0E8A8C4283E5BA2001EDA76 /* Models */,
				F0B948AE2837EFF600642079 /* Services */,
				F07B9D3D2836ABF20074A82C /* Custom Cells */,
				F07B9D382836A07E0074A82C /* Controllers */,
				F07B9D24283694750074A82C /* AppDelegate.swift */,
				F07B9D26283694750074A82C /* SceneDelegate.swift */,
				F07B9D2A283694750074A82C /* Main.storyboard */,
				F07B9D2D283694770074A82C /* Assets.xcassets */,
				F07B9D2F283694770074A82C /* LaunchScreen.storyboard */,
				F07B9D32283694770074A82C /* Info.plist */,
			);
			path = GoodWeather;
			sourceTree = "<group>";
		};
		F07B9D382836A07E0074A82C /* Controllers */ = {
			isa = PBXGroup;
			children = (
				F07B9D392836A09D0074A82C /* WeatherListTableViewController.swift */,
				F07B9D3B2836A0CE0074A82C /* AddWeatherCityViewController.swift */,
				F0E8A8D428410DBF001EDA76 /* SettingTableViewController.swift */,
			);
			path = Controllers;
			sourceTree = "<group>";
		};
		F07B9D3D2836ABF20074A82C /* Custom Cells */ = {
			isa = PBXGroup;
			children = (
				F07B9D3E2836AC120074A82C /* WeatherCell.swift */,
			);
			path = "Custom Cells";
			sourceTree = "<group>";
		};
		F0B948AE2837EFF600642079 /* Services */ = {
			isa = PBXGroup;
			children = (
				F0B948AF2837EFFF00642079 /* Webservice.swift */,
			);
			path = Services;
			sourceTree = "<group>";
		};
		F0E8A8C4283E5BA2001EDA76 /* Models */ = {
			isa = PBXGroup;
			children = (
				F0E8A8C5283E5BDD001EDA76 /* WeatherResponse.swift */,
			);
			path = Models;
			sourceTree = "<group>";
		};
		F0E8A8C7283E8D1E001EDA76 /* View Models */ = {
			isa = PBXGroup;
			children = (
				F0E8A8C8283E8D2F001EDA76 /* AddWeatherViewModel.swift */,
				F0E8A8D0283E917F001EDA76 /* WeatherListViewModel.swift */,
				F0E8A8D628452A67001EDA76 /* SettingsViewModel.swift */,
			);
			path = "View Models";
			sourceTree = "<group>";
		};
		F0E8A8CA283E8D77001EDA76 /* Utils */ = {
			isa = PBXGroup;
			children = (
				F0E8A8CB283E8D82001EDA76 /* Constants.swift */,
			);
			path = Utils;
			sourceTree = "<group>";
		};
		F0E8A8CD283E8F1A001EDA76 /* Extensions */ = {
			isa = PBXGroup;
			children = (
				F0E8A8CE283E8F33001EDA76 /* String+Extensions.swift */,
				F0E8A8D22840FDFC001EDA76 /* Double+Extensions.swift */,
			);
			path = Extensions;
			sourceTree = "<group>";
		};
/* End PBXGroup section */

/* Begin PBXNativeTarget section */
		F07B9D20283694750074A82C /* GoodWeather */ = {
			isa = PBXNativeTarget;
			buildConfigurationList = F07B9D35283694770074A82C /* Build configuration list for PBXNativeTarget "GoodWeather" */;
			buildPhases = (
				F07B9D1D283694750074A82C /* Sources */,
				F07B9D1E283694750074A82C /* Frameworks */,
				F07B9D1F283694750074A82C /* Resources */,
			);
			buildRules = (
			);
			dependencies = (
			);
			name = GoodWeather;
			productName = GoodWeather;
			productReference = F07B9D21283694750074A82C /* GoodWeather.app */;
			productType = "com.apple.product-type.application";
		};
/* End PBXNativeTarget section */

/* Begin PBXProject section */
		F07B9D19283694750074A82C /* Project object */ = {
			isa = PBXProject;
			attributes = {
				BuildIndependentTargetsInParallel = 1;
				LastSwiftUpdateCheck = 1330;
				LastUpgradeCheck = 1330;
				TargetAttributes = {
					F07B9D20283694750074A82C = {
						CreatedOnToolsVersion = 13.3.1;
					};
				};
			};
			buildConfigurationList = F07B9D1C283694750074A82C /* Build configuration list for PBXProject "GoodWeather" */;
			compatibilityVersion = "Xcode 13.0";
			developmentRegion = en;
			hasScannedForEncodings = 0;
			knownRegions = (
				en,
				Base,
			);
			mainGroup = F07B9D18283694750074A82C;
			productRefGroup = F07B9D22283694750074A82C /* Products */;
			projectDirPath = "";
			projectRoot = "";
			targets = (
				F07B9D20283694750074A82C /* GoodWeather */,
			);
		};
/* End PBXProject section */

/* Begin PBXResourcesBuildPhase section */
		F07B9D1F283694750074A82C /* Resources */ = {
			isa = PBXResourcesBuildPhase;
			buildActionMask = 2147483647;
			files = (
				F07B9D31283694770074A82C /* LaunchScreen.storyboard in Resources */,
				F07B9D2E283694770074A82C /* Assets.xcassets in Resources */,
				F07B9D2C283694750074A82C /* Main.storyboard in Resources */,
			);
			runOnlyForDeploymentPostprocessing = 0;
		};
/* End PBXResourcesBuildPhase section */

/* Begin PBXSourcesBuildPhase section */
		F07B9D1D283694750074A82C /* Sources */ = {
			isa = PBXSourcesBuildPhase;
			buildActionMask = 2147483647;
			files = (
				F0E8A8D32840FDFC001EDA76 /* Double+Extensions.swift in Sources */,
				F0E8A8D528410DBF001EDA76 /* SettingTableViewController.swift in Sources */,
				F0E8A8CF283E8F33001EDA76 /* String+Extensions.swift in Sources */,
				F07B9D3A2836A09D0074A82C /* WeatherListTableViewController.swift in Sources */,
				F0E8A8C9283E8D2F001EDA76 /* AddWeatherViewModel.swift in Sources */,
				F0B948B02837EFFF00642079 /* Webservice.swift in Sources */,
				F07B9D25283694750074A82C /* AppDelegate.swift in Sources */,
				F0E8A8C6283E5BDD001EDA76 /* WeatherResponse.swift in Sources */,
				F0E8A8D1283E917F001EDA76 /* WeatherListViewModel.swift in Sources */,
				F07B9D3F2836AC120074A82C /* WeatherCell.swift in Sources */,
				F07B9D3C2836A0CE0074A82C /* AddWeatherCityViewController.swift in Sources */,
				F07B9D27283694750074A82C /* SceneDelegate.swift in Sources */,
				F0E8A8CC283E8D82001EDA76 /* Constants.swift in Sources */,
				F0E8A8D728452A67001EDA76 /* SettingsViewModel.swift in Sources */,
			);
			runOnlyForDeploymentPostprocessing = 0;
		};
/* End PBXSourcesBuildPhase section */

/* Begin PBXVariantGroup section */
		F07B9D2A283694750074A82C /* Main.storyboard */ = {
			isa = PBXVariantGroup;
			children = (
				F07B9D2B283694750074A82C /* Base */,
			);
			name = Main.storyboard;
			sourceTree = "<group>";
		};
		F07B9D2F283694770074A82C /* LaunchScreen.storyboard */ = {
			isa = PBXVariantGroup;
			children = (
				F07B9D30283694770074A82C /* Base */,
			);
			name = LaunchScreen.storyboard;
			sourceTree = "<group>";
		};
/* End PBXVariantGroup section */

/* Begin XCBuildConfiguration section */
		F07B9D33283694770074A82C /* Debug */ = {
			isa = XCBuildConfiguration;
			buildSettings = {
				ALWAYS_SEARCH_USER_PATHS = NO;
				CLANG_ANALYZER_NONNULL = YES;
				CLANG_ANALYZER_NUMBER_OBJECT_CONVERSION = YES_AGGRESSIVE;
				CLANG_CXX_LANGUAGE_STANDARD = "gnu++17";
				CLANG_ENABLE_MODULES = YES;
				CLANG_ENABLE_OBJC_ARC = YES;
				CLANG_ENABLE_OBJC_WEAK = YES;
				CLANG_WARN_BLOCK_CAPTURE_AUTORELEASING = YES;
				CLANG_WARN_BOOL_CONVERSION = YES;
				CLANG_WARN_COMMA = YES;
				CLANG_WARN_CONSTANT_CONVERSION = YES;
				CLANG_WARN_DEPRECATED_OBJC_IMPLEMENTATIONS = YES;
				CLANG_WARN_DIRECT_OBJC_ISA_USAGE = YES_ERROR;
				CLANG_WARN_DOCUMENTATION_COMMENTS = YES;
				CLANG_WARN_EMPTY_BODY = YES;
				CLANG_WARN_ENUM_CONVERSION = YES;
				CLANG_WARN_INFINITE_RECURSION = YES;
				CLANG_WARN_INT_CONVERSION = YES;
				CLANG_WARN_NON_LITERAL_NULL_CONVERSION = YES;
				CLANG_WARN_OBJC_IMPLICIT_RETAIN_SELF = YES;
				CLANG_WARN_OBJC_LITERAL_CONVERSION = YES;
				CLANG_WARN_OBJC_ROOT_CLASS = YES_ERROR;
				CLANG_WARN_QUOTED_INCLUDE_IN_FRAMEWORK_HEADER = YES;
				CLANG_WARN_RANGE_LOOP_ANALYSIS = YES;
				CLANG_WARN_STRICT_PROTOTYPES = YES;
				CLANG_WARN_SUSPICIOUS_MOVE = YES;
				CLANG_WARN_UNGUARDED_AVAILABILITY = YES_AGGRESSIVE;
				CLANG_WARN_UNREACHABLE_CODE = YES;
				CLANG_WARN__DUPLICATE_METHOD_MATCH = YES;
				COPY_PHASE_STRIP = NO;
				DEBUG_INFORMATION_FORMAT = dwarf;
				ENABLE_STRICT_OBJC_MSGSEND = YES;
				ENABLE_TESTABILITY = YES;
				GCC_C_LANGUAGE_STANDARD = gnu11;
				GCC_DYNAMIC_NO_PIC = NO;
				GCC_NO_COMMON_BLOCKS = YES;
				GCC_OPTIMIZATION_LEVEL = 0;
				GCC_PREPROCESSOR_DEFINITIONS = (
					"DEBUG=1",
					"$(inherited)",
				);
				GCC_WARN_64_TO_32_BIT_CONVERSION = YES;
				GCC_WARN_ABOUT_RETURN_TYPE = YES_ERROR;
				GCC_WARN_UNDECLARED_SELECTOR = YES;
				GCC_WARN_UNINITIALIZED_AUTOS = YES_AGGRESSIVE;
				GCC_WARN_UNUSED_FUNCTION = YES;
				GCC_WARN_UNUSED_VARIABLE = YES;
				IPHONEOS_DEPLOYMENT_TARGET = 15.4;
				MTL_ENABLE_DEBUG_INFO = INCLUDE_SOURCE;
				MTL_FAST_MATH = YES;
				ONLY_ACTIVE_ARCH = YES;
				SDKROOT = iphoneos;
				SWIFT_ACTIVE_COMPILATION_CONDITIONS = DEBUG;
				SWIFT_OPTIMIZATION_LEVEL = "-Onone";
			};
			name = Debug;
		};
		F07B9D34283694770074A82C /* Release */ = {
			isa = XCBuildConfiguration;
			buildSettings = {
				ALWAYS_SEARCH_USER_PATHS = NO;
				CLANG_ANALYZER_NONNULL = YES;
				CLANG_ANALYZER_NUMBER_OBJECT_CONVERSION = YES_AGGRESSIVE;
				CLANG_CXX_LANGUAGE_STANDARD = "gnu++17";
				CLANG_ENABLE_MODULES = YES;
				CLANG_ENABLE_OBJC_ARC = YES;
				CLANG_ENABLE_OBJC_WEAK = YES;
				CLANG_WARN_BLOCK_CAPTURE_AUTORELEASING = YES;
				CLANG_WARN_BOOL_CONVERSION = YES;
				CLANG_WARN_COMMA = YES;
				CLANG_WARN_CONSTANT_CONVERSION = YES;
				CLANG_WARN_DEPRECATED_OBJC_IMPLEMENTATIONS = YES;
				CLANG_WARN_DIRECT_OBJC_ISA_USAGE = YES_ERROR;
				CLANG_WARN_DOCUMENTATION_COMMENTS = YES;
				CLANG_WARN_EMPTY_BODY = YES;
				CLANG_WARN_ENUM_CONVERSION = YES;
				CLANG_WARN_INFINITE_RECURSION = YES;
				CLANG_WARN_INT_CONVERSION = YES;
				CLANG_WARN_NON_LITERAL_NULL_CONVERSION = YES;
				CLANG_WARN_OBJC_IMPLICIT_RETAIN_SELF = YES;
				CLANG_WARN_OBJC_LITERAL_CONVERSION = YES;
				CLANG_WARN_OBJC_ROOT_CLASS = YES_ERROR;
				CLANG_WARN_QUOTED_INCLUDE_IN_FRAMEWORK_HEADER = YES;
				CLANG_WARN_RANGE_LOOP_ANALYSIS = YES;
				CLANG_WARN_STRICT_PROTOTYPES = YES;
				CLANG_WARN_SUSPICIOUS_MOVE = YES;
				CLANG_WARN_UNGUARDED_AVAILABILITY = YES_AGGRESSIVE;
				CLANG_WARN_UNREACHABLE_CODE = YES;
				CLANG_WARN__DUPLICATE_METHOD_MATCH = YES;
				COPY_PHASE_STRIP = NO;
				DEBUG_INFORMATION_FORMAT = "dwarf-with-dsym";
				ENABLE_NS_ASSERTIONS = NO;
				ENABLE_STRICT_OBJC_MSGSEND = YES;
				GCC_C_LANGUAGE_STANDARD = gnu11;
				GCC_NO_COMMON_BLOCKS = YES;
				GCC_WARN_64_TO_32_BIT_CONVERSION = YES;
				GCC_WARN_ABOUT_RETURN_TYPE = YES_ERROR;
				GCC_WARN_UNDECLARED_SELECTOR = YES;
				GCC_WARN_UNINITIALIZED_AUTOS = YES_AGGRESSIVE;
				GCC_WARN_UNUSED_FUNCTION = YES;
				GCC_WARN_UNUSED_VARIABLE = YES;
				IPHONEOS_DEPLOYMENT_TARGET = 15.4;
				MTL_ENABLE_DEBUG_INFO = NO;
				MTL_FAST_MATH = YES;
				SDKROOT = iphoneos;
				SWIFT_COMPILATION_MODE = wholemodule;
				SWIFT_OPTIMIZATION_LEVEL = "-O";
				VALIDATE_PRODUCT = YES;
			};
			name = Release;
		};
		F07B9D36283694770074A82C /* Debug */ = {
			isa = XCBuildConfiguration;
			buildSettings = {
				ASSETCATALOG_COMPILER_APPICON_NAME = AppIcon;
				ASSETCATALOG_COMPILER_GLOBAL_ACCENT_COLOR_NAME = AccentColor;
				CODE_SIGN_STYLE = Automatic;
				CURRENT_PROJECT_VERSION = 1;
				DEVELOPMENT_TEAM = V4H8WGK6Y5;
				GENERATE_INFOPLIST_FILE = YES;
				INFOPLIST_FILE = GoodWeather/Info.plist;
				INFOPLIST_KEY_UIApplicationSupportsIndirectInputEvents = YES;
				INFOPLIST_KEY_UILaunchStoryboardName = LaunchScreen;
				INFOPLIST_KEY_UIMainStoryboardFile = Main;
				INFOPLIST_KEY_UISupportedInterfaceOrientations_iPad = "UIInterfaceOrientationPortrait UIInterfaceOrientationPortraitUpsideDown UIInterfaceOrientationLandscapeLeft UIInterfaceOrientationLandscapeRight";
				INFOPLIST_KEY_UISupportedInterfaceOrientations_iPhone = "UIInterfaceOrientationPortrait UIInterfaceOrientationLandscapeLeft UIInterfaceOrientationLandscapeRight";
				LD_RUNPATH_SEARCH_PATHS = (
					"$(inherited)",
					"@executable_path/Frameworks",
				);
				MARKETING_VERSION = 1.0;
				PRODUCT_BUNDLE_IDENTIFIER = com.kmitina.GoodWeather;
				PRODUCT_NAME = "$(TARGET_NAME)";
				SWIFT_EMIT_LOC_STRINGS = YES;
				SWIFT_VERSION = 5.0;
				TARGETED_DEVICE_FAMILY = "1,2";
			};
			name = Debug;
		};
		F07B9D37283694770074A82C /* Release */ = {
			isa = XCBuildConfiguration;
			buildSettings = {
				ASSETCATALOG_COMPILER_APPICON_NAME = AppIcon;
				ASSETCATALOG_COMPILER_GLOBAL_ACCENT_COLOR_NAME = AccentColor;
				CODE_SIGN_STYLE = Automatic;
				CURRENT_PROJECT_VERSION = 1;
				DEVELOPMENT_TEAM = V4H8WGK6Y5;
				GENERATE_INFOPLIST_FILE = YES;
				INFOPLIST_FILE = GoodWeather/Info.plist;
				INFOPLIST_KEY_UIApplicationSupportsIndirectInputEvents = YES;
				INFOPLIST_KEY_UILaunchStoryboardName = LaunchScreen;
				INFOPLIST_KEY_UIMainStoryboardFile = Main;
				INFOPLIST_KEY_UISupportedInterfaceOrientations_iPad = "UIInterfaceOrientationPortrait UIInterfaceOrientationPortraitUpsideDown UIInterfaceOrientationLandscapeLeft UIInterfaceOrientationLandscapeRight";
				INFOPLIST_KEY_UISupportedInterfaceOrientations_iPhone = "UIInterfaceOrientationPortrait UIInterfaceOrientationLandscapeLeft UIInterfaceOrientationLandscapeRight";
				LD_RUNPATH_SEARCH_PATHS = (
					"$(inherited)",
					"@executable_path/Frameworks",
				);
				MARKETING_VERSION = 1.0;
				PRODUCT_BUNDLE_IDENTIFIER = com.kmitina.GoodWeather;
				PRODUCT_NAME = "$(TARGET_NAME)";
				SWIFT_EMIT_LOC_STRINGS = YES;
				SWIFT_VERSION = 5.0;
				TARGETED_DEVICE_FAMILY = "1,2";
			};
			name = Release;
		};
/* End XCBuildConfiguration section */

/* Begin XCConfigurationList section */
		F07B9D1C283694750074A82C /* Build configuration list for PBXProject "GoodWeather" */ = {
			isa = XCConfigurationList;
			buildConfigurations = (
				F07B9D33283694770074A82C /* Debug */,
				F07B9D34283694770074A82C /* Release */,
			);
			defaultConfigurationIsVisible = 0;
			defaultConfigurationName = Release;
		};
		F07B9D35283694770074A82C /* Build configuration list for PBXNativeTarget "GoodWeather" */ = {
			isa = XCConfigurationList;
			buildConfigurations = (
				F07B9D36283694770074A82C /* Debug */,
				F07B9D37283694770074A82C /* Release */,
			);
			defaultConfigurationIsVisible = 0;
			defaultConfigurationName = Release;
		};
/* End XCConfigurationList section */
	};
	rootObject = F07B9D19283694750074A82C /* Project object */;
}
